# This file was autogenerated by Stack.
# You should not edit this file by hand.
# For more information, please see the documentation at:
#   https://docs.haskellstack.org/en/stable/lock_files

packages:
- completed:
    hackage: derive-topdown-0.0.2.0@sha256:9a499e8ec63b4cc423df5caa0209b46e549ae3a043cf7092414de41f2b7ed766,2731
    pantry-tree:
      size: 747
      sha256: 79d216a084ef7680b534533f7adda75dbecd45a1b49d0f198cbf4f08797f818c
  original:
    hackage: derive-topdown-0.0.2.0@sha256:9a499e8ec63b4cc423df5caa0209b46e549ae3a043cf7092414de41f2b7ed766,2731
snapshots:
- completed:
    size: 492015
    url: https://raw.githubusercontent.com/commercialhaskell/stackage-snapshots/master/lts/15/8.yaml
    sha256: 926bc3d70249dd0ba05277ff00943c0addb35b627cb641752669e7cf771310d0
  original: lts-15.8
